
Microsoft Visual Studio Solution File, Format Version 12.00
# Visual Studio Version 17
VisualStudioVersion = 17.4.33213.308
MinimumVisualStudioVersion = 10.0.40219.1
Project("{9A19103F-16F7-4668-BE54-9A1E7A4F7556}") = "MarioNRabbit", "MarioNRabbit\MarioNRabbit.csproj", "{2AB3707C-CE17-4ED3-952F-8A20A2E5D769}"
EndProject
Project("{FAE04EC0-301F-11D3-BF4B-00C04F79EFBC}") = "MarioNRabbitTest", "MarioNRabbitTest\MarioNRabbitTest.csproj", "{D9D5E47C-FF37-4BEC-8337-27AA317A1923}"
EndProject
Global
	GlobalSection(SolutionConfigurationPlatforms) = preSolution
		Debug|Any CPU = Debug|Any CPU
		Release|Any CPU = Release|Any CPU
	EndGlobalSection
	GlobalSection(ProjectConfigurationPlatforms) = postSolution
		{2AB3707C-CE17-4ED3-952F-8A20A2E5D769}.Debug|Any CPU.ActiveCfg = Debug|Any CPU
		{2AB3707C-CE17-4ED3-952F-8A20A2E5D769}.Debug|Any CPU.Build.0 = Debug|Any CPU
		{2AB3707C-CE17-4ED3-952F-8A20A2E5D769}.Release|Any CPU.ActiveCfg = Release|Any CPU
		{2AB3707C-CE17-4ED3-952F-8A20A2E5D769}.Release|Any CPU.Build.0 = Release|Any CPU
		{D9D5E47C-FF37-4BEC-8337-27AA317A1923}.Debug|Any CPU.ActiveCfg = Debug|Any CPU
		{D9D5E47C-FF37-4BEC-8337-27AA317A1923}.Debug|Any CPU.Build.0 = Debug|Any CPU
		{D9D5E47C-FF37-4BEC-8337-27AA317A1923}.Release|Any CPU.ActiveCfg = Release|Any CPU
		{D9D5E47C-FF37-4BEC-8337-27AA317A1923}.Release|Any CPU.Build.0 = Release|Any CPU
	EndGlobalSection
	GlobalSection(SolutionProperties) = preSolution
		HideSolutionNode = FALSE
	EndGlobalSection
	GlobalSection(ExtensibilityGlobals) = postSolution
		SolutionGuid = {213CEA07-19A9-40CE-8868-1F5199AEBFCD}
	EndGlobalSection
EndGlobal
